// !$*UTF8*$!
{
	archiveVersion = 1;
	classes = {
	};
	objectVersion = 77;
	objects = {

/* Begin PBXBuildFile section */
		4F2E2B293047183A0037705B /* corta-exec in Frameworks */ = {isa = PBXBuildFile; productRef = C07A000730465E2000E8DD20 /* corta-exec */; };
		4F9658043049C77E005C56CD /* Sparkle in Frameworks */ = {isa = PBXBuildFile; productRef = 4F9658033049C77E005C56CD /* Sparkle */; };
		A1C0A001030465E2000E8DD20 /* AppIcon.icon in Resources */ = {isa = PBXBuildFile; fileRef = A1C0A000030465E2000E8DD20 /* AppIcon.icon */; };
		C07A000130465E2000E8DD20 /* CortaTerminal in Frameworks */ = {isa = PBXBuildFile; productRef = C07A000530465E2000E8DD20 /* CortaTerminal */; };
		C07A000230465E2000E8DD20 /* CortaTerminal in Frameworks */ = {isa = PBXBuildFile; productRef = C07A000630465E2000E8DD20 /* CortaTerminal */; };
		C07A000830465E2000E8DD20 /* corta-exec in Embed corta-exec */ = {isa = PBXBuildFile; productRef = C07A000730465E2000E8DD20 /* corta-exec */; settings = {ATTRIBUTES = (CodeSignOnCopy, ); }; };
/* End PBXBuildFile section */

/* Begin PBXContainerItemProxy section */
		4F1776B030465E2000E8DD20 /* PBXContainerItemProxy */ = {
			isa = PBXContainerItemProxy;
			containerPortal = 4F17769730465E1F00E8DD20 /* Project object */;
			proxyType = 1;
			remoteGlobalIDString = 4F17769E30465E1F00E8DD20;
			remoteInfo = Corta;
		};
		4F1776BA30465E2000E8DD20 /* PBXContainerItemProxy */ = {
			isa = PBXContainerItemProxy;
			containerPortal = 4F17769730465E1F00E8DD20 /* Project object */;
			proxyType = 1;
			remoteGlobalIDString = 4F17769E30465E1F00E8DD20;
			remoteInfo = Corta;
		};
/* End PBXContainerItemProxy section */

/* Begin PBXCopyFilesBuildPhase section */
		C07A000930465E2000E8DD20 /* Embed corta-exec */ = {
			isa = PBXCopyFilesBuildPhase;
			buildActionMask = 2147483647;
			dstPath = "";
			dstSubfolderSpec = 6;
			files = (
				C07A000830465E2000E8DD20 /* corta-exec in Embed corta-exec */,
			);
			name = "Embed corta-exec";
			runOnlyForDeploymentPostprocessing = 0;
		};
/* End PBXCopyFilesBuildPhase section */

/* Begin PBXFileReference section */
		4F17769F30465E1F00E8DD20 /* Corta.app */ = {isa = PBXFileReference; explicitFileType = wrapper.application; includeInIndex = 0; path = Corta.app; sourceTree = BUILT_PRODUCTS_DIR; };
		4F1776AF30465E2000E8DD20 /* CortaTests.xctest */ = {isa = PBXFileReference; explicitFileType = wrapper.cfbundle; includeInIndex = 0; path = CortaTests.xctest; sourceTree = BUILT_PRODUCTS_DIR; };
		4F1776B930465E2000E8DD20 /* CortaUITests.xctest */ = {isa = PBXFileReference; explicitFileType = wrapper.cfbundle; includeInIndex = 0; path = CortaUITests.xctest; sourceTree = BUILT_PRODUCTS_DIR; };
		A1C0A000030465E2000E8DD20 /* AppIcon.icon */ = {isa = PBXFileReference; lastKnownFileType = folder.iconcomposer.icon; path = AppIcon.icon; sourceTree = "<group>"; };
		E9A0D9C512919DCC5A6DF615 /* Sparkle-Info.plist */ = {isa = PBXFileReference; lastKnownFileType = text.plist.xml; path = "Sparkle-Info.plist"; sourceTree = "<group>"; };
/* End PBXFileReference section */

/* Begin PBXFileSystemSynchronizedRootGroup section */
		4F1776A130465E1F00E8DD20 /* Corta */ = {
			isa = PBXFileSystemSynchronizedRootGroup;
			path = Corta;
			sourceTree = "<group>";
		};
		4F1776B230465E2000E8DD20 /* CortaTests */ = {
			isa = PBXFileSystemSynchronizedRootGroup;
			path = CortaTests;
			sourceTree = "<group>";
		};
		4F1776BC30465E2000E8DD20 /* CortaUITests */ = {
			isa = PBXFileSystemSynchronizedRootGroup;
			path = CortaUITests;
			sourceTree = "<group>";
		};
/* End PBXFileSystemSynchronizedRootGroup section */

/* Begin PBXFrameworksBuildPhase section */
		4F17769C30465E1F00E8DD20 /* Frameworks */ = {
			isa = PBXFrameworksBuildPhase;
			buildActionMask = 2147483647;
			files = (
				4F9658043049C77E005C56CD /* Sparkle in Frameworks */,
				4F2E2B293047183A0037705B /* corta-exec in Frameworks */,
				C07A000130465E2000E8DD20 /* CortaTerminal in Frameworks */,
			);
			runOnlyForDeploymentPostprocessing = 0;
		};
		4F1776AC30465E2000E8DD20 /* Frameworks */ = {
			isa = PBXFrameworksBuildPhase;
			buildActionMask = 2147483647;
			files = (
				C07A000230465E2000E8DD20 /* CortaTerminal in Frameworks */,
			);
			runOnlyForDeploymentPostprocessing = 0;
		};
		4F1776B630465E2000E8DD20 /* Frameworks */ = {
			isa = PBXFrameworksBuildPhase;
			buildActionMask = 2147483647;
			files = (
			);
			runOnlyForDeploymentPostprocessing = 0;
		};
/* End PBXFrameworksBuildPhase section */

/* Begin PBXGroup section */
		4F17769630465E1F00E8DD20 = {
			isa = PBXGroup;
			children = (
				A1C0A000030465E2000E8DD20 /* AppIcon.icon */,
				E9A0D9C512919DCC5A6DF615 /* Sparkle-Info.plist */,
				4F1776A130465E1F00E8DD20 /* Corta */,
				4F1776B230465E2000E8DD20 /* CortaTests */,
				4F1776BC30465E2000E8DD20 /* CortaUITests */,
				4F1776A030465E1F00E8DD20 /* Products */,
			);
			sourceTree = "<group>";
		};
		4F1776A030465E1F00E8DD20 /* Products */ = {
			isa = PBXGroup;
			children = (
				4F17769F30465E1F00E8DD20 /* Corta.app */,
				4F1776AF30465E2000E8DD20 /* CortaTests.xctest */,
				4F1776B930465E2000E8DD20 /* CortaUITests.xctest */,
			);
			name = Products;
			sourceTree = "<group>";
		};
/* End PBXGroup section */

/* Begin PBXNativeTarget section */
		4F17769E30465E1F00E8DD20 /* Corta */ = {
			isa = PBXNativeTarget;
			buildConfigurationList = 4F1776C330465E2000E8DD20 /* Build configuration list for PBXNativeTarget "Corta" */;
			buildPhases = (
				4F17769B30465E1F00E8DD20 /* Sources */,
				4F17769C30465E1F00E8DD20 /* Frameworks */,
				4F17769D30465E1F00E8DD20 /* Resources */,
				C07A000930465E2000E8DD20 /* Embed corta-exec */,
			);
			buildRules = (
			);
			dependencies = (
			);
			fileSystemSynchronizedGroups = (
				4F1776A130465E1F00E8DD20 /* Corta */,
			);
			name = Corta;
			packageProductDependencies = (
				C07A000530465E2000E8DD20 /* CortaTerminal */,
				C07A000730465E2000E8DD20 /* corta-exec */,
				4F9658033049C77E005C56CD /* Sparkle */,
			);
			productName = Corta;
			productReference = 4F17769F30465E1F00E8DD20 /* Corta.app */;
			productType = "com.apple.product-type.application";
		};
		4F1776AE30465E2000E8DD20 /* CortaTests */ = {
			isa = PBXNativeTarget;
			buildConfigurationList = 4F1776C630465E2000E8DD20 /* Build configuration list for PBXNativeTarget "CortaTests" */;
			buildPhases = (
				4F1776AB30465E2000E8DD20 /* Sources */,
				4F1776AC30465E2000E8DD20 /* Frameworks */,
				4F1776AD30465E2000E8DD20 /* Resources */,
			);
			buildRules = (
			);
			dependencies = (
				4F1776B130465E2000E8DD20 /* PBXTargetDependency */,
			);
			fileSystemSynchronizedGroups = (
				4F1776B230465E2000E8DD20 /* CortaTests */,
			);
			name = CortaTests;
			packageProductDependencies = (
				C07A000630465E2000E8DD20 /* CortaTerminal */,
			);
			productName = CortaTests;
			productReference = 4F1776AF30465E2000E8DD20 /* CortaTests.xctest */;
			productType = "com.apple.product-type.bundle.unit-test";
		};
		4F1776B830465E2000E8DD20 /* CortaUITests */ = {
			isa = PBXNativeTarget;
			buildConfigurationList = 4F1776C930465E2000E8DD20 /* Build configuration list for PBXNativeTarget "CortaUITests" */;
			buildPhases = (
				4F1776B530465E2000E8DD20 /* Sources */,
				4F1776B630465E2000E8DD20 /* Frameworks */,
				4F1776B730465E2000E8DD20 /* Resources */,
			);
			buildRules = (
			);
			dependencies = (
				4F1776BB30465E2000E8DD20 /* PBXTargetDependency */,
			);
			fileSystemSynchronizedGroups = (
				4F1776BC30465E2000E8DD20 /* CortaUITests */,
			);
			name = CortaUITests;
			packageProductDependencies = (
			);
			productName = CortaUITests;
			productReference = 4F1776B930465E2000E8DD20 /* CortaUITests.xctest */;
			productType = "com.apple.product-type.bundle.ui-testing";
		};
/* End PBXNativeTarget section */

/* Begin PBXProject section */
		4F17769730465E1F00E8DD20 /* Project object */ = {
			isa = PBXProject;
			attributes = {
				BuildIndependentTargetsInParallel = 1;
				LastSwiftUpdateCheck = 2660;
				LastUpgradeCheck = 2660;
				TargetAttributes = {
					4F17769E30465E1F00E8DD20 = {
						CreatedOnToolsVersion = 26.6;
					};
					4F1776AE30465E2000E8DD20 = {
						CreatedOnToolsVersion = 26.6;
						TestTargetID = 4F17769E30465E1F00E8DD20;
					};
					4F1776B830465E2000E8DD20 = {
						CreatedOnToolsVersion = 26.6;
						TestTargetID = 4F17769E30465E1F00E8DD20;
					};
				};
			};
			buildConfigurationList = 4F17769A30465E1F00E8DD20 /* Build configuration list for PBXProject "Corta" */;
			developmentRegion = en;
			hasScannedForEncodings = 0;
			knownRegions = (
				en,
				Base,
				"zh-Hans",
				"zh-Hant",
				ja,
				ko,
				de,
				fr,
				es,
				"pt-BR",
			);
			mainGroup = 4F17769630465E1F00E8DD20;
			minimizedProjectReferenceProxies = 1;
			packageReferences = (
				C07A000430465E2000E8DD20 /* XCLocalSwiftPackageReference "CortaTerminal" */,
				4F9658023049C77E005C56CD /* XCRemoteSwiftPackageReference "Sparkle" */,
			);
			preferredProjectObjectVersion = 77;
			productRefGroup = 4F1776A030465E1F00E8DD20 /* Products */;
			projectDirPath = "";
			projectRoot = "";
			targets = (
				4F17769E30465E1F00E8DD20 /* Corta */,
				4F1776AE30465E2000E8DD20 /* CortaTests */,
				4F1776B830465E2000E8DD20 /* CortaUITests */,
			);
		};
/* End PBXProject section */

/* Begin PBXResourcesBuildPhase section */
		4F17769D30465E1F00E8DD20 /* Resources */ = {
			isa = PBXResourcesBuildPhase;
			buildActionMask = 2147483647;
			files = (
				A1C0A001030465E2000E8DD20 /* AppIcon.icon in Resources */,
			);
			runOnlyForDeploymentPostprocessing = 0;
		};
		4F1776AD30465E2000E8DD20 /* Resources */ = {
			isa = PBXResourcesBuildPhase;
			buildActionMask = 2147483647;
			files = (
			);
			runOnlyForDeploymentPostprocessing = 0;
		};
		4F1776B730465E2000E8DD20 /* Resources */ = {
			isa = PBXResourcesBuildPhase;
			buildActionMask = 2147483647;
			files = (
			);
			runOnlyForDeploymentPostprocessing = 0;
		};
/* End PBXResourcesBuildPhase section */

/* Begin PBXSourcesBuildPhase section */
		4F17769B30465E1F00E8DD20 /* Sources */ = {
			isa = PBXSourcesBuildPhase;
			buildActionMask = 2147483647;
			files = (
			);
			runOnlyForDeploymentPostprocessing = 0;
		};
		4F1776AB30465E2000E8DD20 /* Sources */ = {
			isa = PBXSourcesBuildPhase;
			buildActionMask = 2147483647;
			files = (
			);
			runOnlyForDeploymentPostprocessing = 0;
		};
		4F1776B530465E2000E8DD20 /* Sources */ = {
			isa = PBXSourcesBuildPhase;
			buildActionMask = 2147483647;
			files = (
			);
			runOnlyForDeploymentPostprocessing = 0;
		};
/* End PBXSourcesBuildPhase section */

/* Begin PBXTargetDependency section */
		4F1776B130465E2000E8DD20 /* PBXTargetDependency */ = {
			isa = PBXTargetDependency;
			target = 4F17769E30465E1F00E8DD20 /* Corta */;
			targetProxy = 4F1776B030465E2000E8DD20 /* PBXContainerItemProxy */;
		};
		4F1776BB30465E2000E8DD20 /* PBXTargetDependency */ = {
			isa = PBXTargetDependency;
			target = 4F17769E30465E1F00E8DD20 /* Corta */;
			targetProxy = 4F1776BA30465E2000E8DD20 /* PBXContainerItemProxy */;
		};
/* End PBXTargetDependency section */

/* Begin XCBuildConfiguration section */
		4F1776C130465E2000E8DD20 /* Debug */ = {
			isa = XCBuildConfiguration;
			buildSettings = {
				ALWAYS_SEARCH_USER_PATHS = NO;
				ASSETCATALOG_COMPILER_GENERATE_SWIFT_ASSET_SYMBOL_EXTENSIONS = YES;
				CLANG_ANALYZER_NONNULL = YES;
				CLANG_ANALYZER_NUMBER_OBJECT_CONVERSION = YES_AGGRESSIVE;
				CLANG_CXX_LANGUAGE_STANDARD = "gnu++20";
				CLANG_ENABLE_MODULES = YES;
				CLANG_ENABLE_OBJC_ARC = YES;
				CLANG_ENABLE_OBJC_WEAK = YES;
				CLANG_WARN_BLOCK_CAPTURE_AUTORELEASING = YES;
				CLANG_WARN_BOOL_CONVERSION = YES;
				CLANG_WARN_COMMA = YES;
				CLANG_WARN_CONSTANT_CONVERSION = YES;
				CLANG_WARN_DEPRECATED_OBJC_IMPLEMENTATIONS = YES;
				CLANG_WARN_DIRECT_OBJC_ISA_USAGE = YES_ERROR;
				CLANG_WARN_DOCUMENTATION_COMMENTS = YES;
				CLANG_WARN_EMPTY_BODY = YES;
				CLANG_WARN_ENUM_CONVERSION = YES;
				CLANG_WARN_INFINITE_RECURSION = YES;
				CLANG_WARN_INT_CONVERSION = YES;
				CLANG_WARN_NON_LITERAL_NULL_CONVERSION = YES;
				CLANG_WARN_OBJC_IMPLICIT_RETAIN_SELF = YES;
				CLANG_WARN_OBJC_LITERAL_CONVERSION = YES;
				CLANG_WARN_OBJC_ROOT_CLASS = YES_ERROR;
				CLANG_WARN_QUOTED_INCLUDE_IN_FRAMEWORK_HEADER = YES;
				CLANG_WARN_RANGE_LOOP_ANALYSIS = YES;
				CLANG_WARN_STRICT_PROTOTYPES = YES;
				CLANG_WARN_SUSPICIOUS_MOVE = YES;
				CLANG_WARN_UNGUARDED_AVAILABILITY = YES_AGGRESSIVE;
				CLANG_WARN_UNREACHABLE_CODE = YES;
				CLANG_WARN__DUPLICATE_METHOD_MATCH = YES;
				COPY_PHASE_STRIP = NO;
				DEAD_CODE_STRIPPING = YES;
				DEBUG_INFORMATION_FORMAT = dwarf;
				DEVELOPMENT_TEAM = 646VSJ9K5F;
				ENABLE_STRICT_OBJC_MSGSEND = YES;
				ENABLE_TESTABILITY = YES;
				ENABLE_USER_SCRIPT_SANDBOXING = YES;
				GCC_C_LANGUAGE_STANDARD = gnu17;
				GCC_DYNAMIC_NO_PIC = NO;
				GCC_NO_COMMON_BLOCKS = YES;
				GCC_OPTIMIZATION_LEVEL = 0;
				GCC_PREPROCESSOR_DEFINITIONS = (
					"DEBUG=1",
					"$(inherited)",
				);
				GCC_WARN_64_TO_32_BIT_CONVERSION = YES;
				GCC_WARN_ABOUT_RETURN_TYPE = YES_ERROR;
				GCC_WARN_UNDECLARED_SELECTOR = YES;
				GCC_WARN_UNINITIALIZED_AUTOS = YES_AGGRESSIVE;
				GCC_WARN_UNUSED_FUNCTION = YES;
				GCC_WARN_UNUSED_VARIABLE = YES;
				LOCALIZATION_PREFERS_STRING_CATALOGS = YES;
				MACOSX_DEPLOYMENT_TARGET = 26.0;
				MTL_ENABLE_DEBUG_INFO = INCLUDE_SOURCE;
				MTL_FAST_MATH = YES;
				ONLY_ACTIVE_ARCH = YES;
				SDKROOT = macosx;
				STRING_CATALOG_GENERATE_SYMBOLS = YES;
				SWIFT_ACTIVE_COMPILATION_CONDITIONS = "DEBUG $(inherited)";
				SWIFT_OPTIMIZATION_LEVEL = "-Onone";
			};
			name = Debug;
		};
		4F1776C230465E2000E8DD20 /* Release */ = {
			isa = XCBuildConfiguration;
			buildSettings = {
				ALWAYS_SEARCH_USER_PATHS = NO;
				ASSETCATALOG_COMPILER_GENERATE_SWIFT_ASSET_SYMBOL_EXTENSIONS = YES;
				CLANG_ANALYZER_NONNULL = YES;
				CLANG_ANALYZER_NUMBER_OBJECT_CONVERSION = YES_AGGRESSIVE;
				CLANG_CXX_LANGUAGE_STANDARD = "gnu++20";
				CLANG_ENABLE_MODULES = YES;
				CLANG_ENABLE_OBJC_ARC = YES;
				CLANG_ENABLE_OBJC_WEAK = YES;
				CLANG_WARN_BLOCK_CAPTURE_AUTORELEASING = YES;
				CLANG_WARN_BOOL_CONVERSION = YES;
				CLANG_WARN_COMMA = YES;
				CLANG_WARN_CONSTANT_CONVERSION = YES;
				CLANG_WARN_DEPRECATED_OBJC_IMPLEMENTATIONS = YES;
				CLANG_WARN_DIRECT_OBJC_ISA_USAGE = YES_ERROR;
				CLANG_WARN_DOCUMENTATION_COMMENTS = YES;
				CLANG_WARN_EMPTY_BODY = YES;
				CLANG_WARN_ENUM_CONVERSION = YES;
				CLANG_WARN_INFINITE_RECURSION = YES;
				CLANG_WARN_INT_CONVERSION = YES;
				CLANG_WARN_NON_LITERAL_NULL_CONVERSION = YES;
				CLANG_WARN_OBJC_IMPLICIT_RETAIN_SELF = YES;
				CLANG_WARN_OBJC_LITERAL_CONVERSION = YES;
				CLANG_WARN_OBJC_ROOT_CLASS = YES_ERROR;
				CLANG_WARN_QUOTED_INCLUDE_IN_FRAMEWORK_HEADER = YES;
				CLANG_WARN_RANGE_LOOP_ANALYSIS = YES;
				CLANG_WARN_STRICT_PROTOTYPES = YES;
				CLANG_WARN_SUSPICIOUS_MOVE = YES;
				CLANG_WARN_UNGUARDED_AVAILABILITY = YES_AGGRESSIVE;
				CLANG_WARN_UNREACHABLE_CODE = YES;
				CLANG_WARN__DUPLICATE_METHOD_MATCH = YES;
				COPY_PHASE_STRIP = NO;
				DEAD_CODE_STRIPPING = YES;
				DEBUG_INFORMATION_FORMAT = "dwarf-with-dsym";
				DEVELOPMENT_TEAM = 646VSJ9K5F;
				ENABLE_NS_ASSERTIONS = NO;
				ENABLE_STRICT_OBJC_MSGSEND = YES;
				ENABLE_USER_SCRIPT_SANDBOXING = YES;
				GCC_C_LANGUAGE_STANDARD = gnu17;
				GCC_NO_COMMON_BLOCKS = YES;
				GCC_WARN_64_TO_32_BIT_CONVERSION = YES;
				GCC_WARN_ABOUT_RETURN_TYPE = YES_ERROR;
				GCC_WARN_UNDECLARED_SELECTOR = YES;
				GCC_WARN_UNINITIALIZED_AUTOS = YES_AGGRESSIVE;
				GCC_WARN_UNUSED_FUNCTION = YES;
				GCC_WARN_UNUSED_VARIABLE = YES;
				LOCALIZATION_PREFERS_STRING_CATALOGS = YES;
				MACOSX_DEPLOYMENT_TARGET = 26.0;
				MTL_ENABLE_DEBUG_INFO = NO;
				MTL_FAST_MATH = YES;
				SDKROOT = macosx;
				STRING_CATALOG_GENERATE_SYMBOLS = YES;
				SWIFT_COMPILATION_MODE = wholemodule;
			};
			name = Release;
		};
		4F1776C430465E2000E8DD20 /* Debug */ = {
			isa = XCBuildConfiguration;
			buildSettings = {
				ASSETCATALOG_COMPILER_APPICON_NAME = AppIcon;
				ASSETCATALOG_COMPILER_GLOBAL_ACCENT_COLOR_NAME = AccentColor;
				CODE_SIGN_IDENTITY = "-";
				"CODE_SIGN_IDENTITY[sdk=macosx*]" = "Apple Development";
				CODE_SIGN_STYLE = Automatic;
				COMBINE_HIDPI_IMAGES = YES;
				CURRENT_PROJECT_VERSION = 1;
				DEAD_CODE_STRIPPING = YES;
				DEVELOPMENT_TEAM = 646VSJ9K5F;
				ENABLE_APP_SANDBOX = NO;
				ENABLE_HARDENED_RUNTIME = YES;
				GENERATE_INFOPLIST_FILE = YES;
				INFOPLIST_FILE = "Sparkle-Info.plist";
				INFOPLIST_KEY_NSHumanReadableCopyright = "Copyright © 2026 Noah Qin. Apache License 2.0.";
				INFOPLIST_KEY_NSMainStoryboardFile = Main;
				INFOPLIST_KEY_NSPrincipalClass = NSApplication;
				LD_RUNPATH_SEARCH_PATHS = (
					"$(inherited)",
					"@executable_path/../Frameworks",
				);
				MARKETING_VERSION = 0.1.0;
				PRODUCT_BUNDLE_IDENTIFIER = dev.noahqin.Corta;
				PRODUCT_NAME = "$(TARGET_NAME)";
				REGISTER_APP_GROUPS = YES;
				STRING_CATALOG_GENERATE_SYMBOLS = YES;
				SWIFT_APPROACHABLE_CONCURRENCY = YES;
				SWIFT_DEFAULT_ACTOR_ISOLATION = MainActor;
				SWIFT_EMIT_LOC_STRINGS = YES;
				SWIFT_UPCOMING_FEATURE_MEMBER_IMPORT_VISIBILITY = YES;
				SWIFT_VERSION = 6.0;
			};
			name = Debug;
		};
		4F1776C530465E2000E8DD20 /* Release */ = {
			isa = XCBuildConfiguration;
			buildSettings = {
				ASSETCATALOG_COMPILER_APPICON_NAME = AppIcon;
				ASSETCATALOG_COMPILER_GLOBAL_ACCENT_COLOR_NAME = AccentColor;
				CODE_SIGN_IDENTITY = "Developer ID Application";
				CODE_SIGN_STYLE = Manual;
				COMBINE_HIDPI_IMAGES = YES;
				CURRENT_PROJECT_VERSION = 1;
				DEAD_CODE_STRIPPING = YES;
				DEVELOPMENT_TEAM = 646VSJ9K5F;
				ENABLE_APP_SANDBOX = NO;
				ENABLE_HARDENED_RUNTIME = YES;
				GENERATE_INFOPLIST_FILE = YES;
				INFOPLIST_FILE = "Sparkle-Info.plist";
				INFOPLIST_KEY_NSHumanReadableCopyright = "Copyright © 2026 Noah Qin. Apache License 2.0.";
				INFOPLIST_KEY_NSMainStoryboardFile = Main;
				INFOPLIST_KEY_NSPrincipalClass = NSApplication;
				LD_RUNPATH_SEARCH_PATHS = (
					"$(inherited)",
					"@executable_path/../Frameworks",
				);
				MARKETING_VERSION = 0.1.0;
				PRODUCT_BUNDLE_IDENTIFIER = dev.noahqin.Corta;
				PRODUCT_NAME = "$(TARGET_NAME)";
				REGISTER_APP_GROUPS = YES;
				STRING_CATALOG_GENERATE_SYMBOLS = YES;
				SWIFT_APPROACHABLE_CONCURRENCY = YES;
				SWIFT_DEFAULT_ACTOR_ISOLATION = MainActor;
				SWIFT_EMIT_LOC_STRINGS = YES;
				SWIFT_UPCOMING_FEATURE_MEMBER_IMPORT_VISIBILITY = YES;
				SWIFT_VERSION = 6.0;
			};
			name = Release;
		};
		4F1776C730465E2000E8DD20 /* Debug */ = {
			isa = XCBuildConfiguration;
			buildSettings = {
				BUNDLE_LOADER = "$(TEST_HOST)";
				CODE_SIGN_IDENTITY = "-";
				"CODE_SIGN_IDENTITY[sdk=macosx*]" = "Apple Development";
				CODE_SIGN_STYLE = Automatic;
				CURRENT_PROJECT_VERSION = 1;
				DEAD_CODE_STRIPPING = YES;
				DEVELOPMENT_TEAM = 646VSJ9K5F;
				GENERATE_INFOPLIST_FILE = YES;
				MACOSX_DEPLOYMENT_TARGET = 26.0;
				MARKETING_VERSION = 0.1.0;
				PRODUCT_BUNDLE_IDENTIFIER = dev.noahqin.CortaTests;
				PRODUCT_NAME = "$(TARGET_NAME)";
				STRING_CATALOG_GENERATE_SYMBOLS = NO;
				SWIFT_APPROACHABLE_CONCURRENCY = YES;
				SWIFT_EMIT_LOC_STRINGS = NO;
				SWIFT_UPCOMING_FEATURE_MEMBER_IMPORT_VISIBILITY = YES;
				SWIFT_VERSION = 6.0;
				TEST_HOST = "$(BUILT_PRODUCTS_DIR)/Corta.app/$(BUNDLE_EXECUTABLE_FOLDER_PATH)/Corta";
			};
			name = Debug;
		};
		4F1776C830465E2000E8DD20 /* Release */ = {
			isa = XCBuildConfiguration;
			buildSettings = {
				BUNDLE_LOADER = "$(TEST_HOST)";
				CODE_SIGN_STYLE = Automatic;
				CURRENT_PROJECT_VERSION = 1;
				DEAD_CODE_STRIPPING = YES;
				DEVELOPMENT_TEAM = 646VSJ9K5F;
				GENERATE_INFOPLIST_FILE = YES;
				MACOSX_DEPLOYMENT_TARGET = 26.0;
				MARKETING_VERSION = 0.1.0;
				PRODUCT_BUNDLE_IDENTIFIER = dev.noahqin.CortaTests;
				PRODUCT_NAME = "$(TARGET_NAME)";
				STRING_CATALOG_GENERATE_SYMBOLS = NO;
				SWIFT_APPROACHABLE_CONCURRENCY = YES;
				SWIFT_EMIT_LOC_STRINGS = NO;
				SWIFT_UPCOMING_FEATURE_MEMBER_IMPORT_VISIBILITY = YES;
				SWIFT_VERSION = 6.0;
				TEST_HOST = "$(BUILT_PRODUCTS_DIR)/Corta.app/$(BUNDLE_EXECUTABLE_FOLDER_PATH)/Corta";
			};
			name = Release;
		};
		4F1776CA30465E2000E8DD20 /* Debug */ = {
			isa = XCBuildConfiguration;
			buildSettings = {
				CODE_SIGN_IDENTITY = "-";
				"CODE_SIGN_IDENTITY[sdk=macosx*]" = "Apple Development";
				CODE_SIGN_STYLE = Automatic;
				CURRENT_PROJECT_VERSION = 1;
				DEAD_CODE_STRIPPING = YES;
				DEVELOPMENT_TEAM = 646VSJ9K5F;
				GENERATE_INFOPLIST_FILE = YES;
				MARKETING_VERSION = 0.1.0;
				PRODUCT_BUNDLE_IDENTIFIER = dev.noahqin.CortaUITests;
				PRODUCT_NAME = "$(TARGET_NAME)";
				STRING_CATALOG_GENERATE_SYMBOLS = NO;
				SWIFT_APPROACHABLE_CONCURRENCY = YES;
				SWIFT_EMIT_LOC_STRINGS = NO;
				SWIFT_UPCOMING_FEATURE_MEMBER_IMPORT_VISIBILITY = YES;
				SWIFT_VERSION = 6.0;
				TEST_TARGET_NAME = Corta;
			};
			name = Debug;
		};
		4F1776CB30465E2000E8DD20 /* Release */ = {
			isa = XCBuildConfiguration;
			buildSettings = {
				CODE_SIGN_STYLE = Automatic;
				CURRENT_PROJECT_VERSION = 1;
				DEAD_CODE_STRIPPING = YES;
				DEVELOPMENT_TEAM = 646VSJ9K5F;
				GENERATE_INFOPLIST_FILE = YES;
				MARKETING_VERSION = 0.1.0;
				PRODUCT_BUNDLE_IDENTIFIER = dev.noahqin.CortaUITests;
				PRODUCT_NAME = "$(TARGET_NAME)";
				STRING_CATALOG_GENERATE_SYMBOLS = NO;
				SWIFT_APPROACHABLE_CONCURRENCY = YES;
				SWIFT_EMIT_LOC_STRINGS = NO;
				SWIFT_UPCOMING_FEATURE_MEMBER_IMPORT_VISIBILITY = YES;
				SWIFT_VERSION = 6.0;
				TEST_TARGET_NAME = Corta;
			};
			name = Release;
		};
/* End XCBuildConfiguration section */

/* Begin XCConfigurationList section */
		4F17769A30465E1F00E8DD20 /* Build configuration list for PBXProject "Corta" */ = {
			isa = XCConfigurationList;
			buildConfigurations = (
				4F1776C130465E2000E8DD20 /* Debug */,
				4F1776C230465E2000E8DD20 /* Release */,
			);
			defaultConfigurationIsVisible = 0;
			defaultConfigurationName = Release;
		};
		4F1776C330465E2000E8DD20 /* Build configuration list for PBXNativeTarget "Corta" */ = {
			isa = XCConfigurationList;
			buildConfigurations = (
				4F1776C430465E2000E8DD20 /* Debug */,
				4F1776C530465E2000E8DD20 /* Release */,
			);
			defaultConfigurationIsVisible = 0;
			defaultConfigurationName = Release;
		};
		4F1776C630465E2000E8DD20 /* Build configuration list for PBXNativeTarget "CortaTests" */ = {
			isa = XCConfigurationList;
			buildConfigurations = (
				4F1776C730465E2000E8DD20 /* Debug */,
				4F1776C830465E2000E8DD20 /* Release */,
			);
			defaultConfigurationIsVisible = 0;
			defaultConfigurationName = Release;
		};
		4F1776C930465E2000E8DD20 /* Build configuration list for PBXNativeTarget "CortaUITests" */ = {
			isa = XCConfigurationList;
			buildConfigurations = (
				4F1776CA30465E2000E8DD20 /* Debug */,
				4F1776CB30465E2000E8DD20 /* Release */,
			);
			defaultConfigurationIsVisible = 0;
			defaultConfigurationName = Release;
		};
/* End XCConfigurationList section */

/* Begin XCLocalSwiftPackageReference section */
		C07A000430465E2000E8DD20 /* XCLocalSwiftPackageReference "CortaTerminal" */ = {
			isa = XCLocalSwiftPackageReference;
			relativePath = CortaTerminal;
		};
/* End XCLocalSwiftPackageReference section */

/* Begin XCRemoteSwiftPackageReference section */
		4F9658023049C77E005C56CD /* XCRemoteSwiftPackageReference "Sparkle" */ = {
			isa = XCRemoteSwiftPackageReference;
			repositoryURL = "https://github.com/sparkle-project/Sparkle";
			requirement = {
				kind = upToNextMajorVersion;
				minimumVersion = 2.9.6;
			};
		};
/* End XCRemoteSwiftPackageReference section */

/* Begin XCSwiftPackageProductDependency section */
		4F9658033049C77E005C56CD /* Sparkle */ = {
			isa = XCSwiftPackageProductDependency;
			package = 4F9658023049C77E005C56CD /* XCRemoteSwiftPackageReference "Sparkle" */;
			productName = Sparkle;
		};
		C07A000530465E2000E8DD20 /* CortaTerminal */ = {
			isa = XCSwiftPackageProductDependency;
			package = C07A000430465E2000E8DD20 /* XCLocalSwiftPackageReference "CortaTerminal" */;
			productName = CortaTerminal;
		};
		C07A000630465E2000E8DD20 /* CortaTerminal */ = {
			isa = XCSwiftPackageProductDependency;
			package = C07A000430465E2000E8DD20 /* XCLocalSwiftPackageReference "CortaTerminal" */;
			productName = CortaTerminal;
		};
		C07A000730465E2000E8DD20 /* corta-exec */ = {
			isa = XCSwiftPackageProductDependency;
			package = C07A000430465E2000E8DD20 /* XCLocalSwiftPackageReference "CortaTerminal" */;
			productName = "corta-exec";
		};
/* End XCSwiftPackageProductDependency section */
	};
	rootObject = 4F17769730465E1F00E8DD20 /* Project object */;
}
